
Microsoft Visual Studio Solution File, Format Version 12.00
# Visual Studio Version 17
VisualStudioVersion = 17.7.34202.233
MinimumVisualStudioVersion = 10.0.40219.1
Project("{FAE04EC0-301F-11D3-BF4B-00C04F79EFBC}") = "Project3", "Project3.csproj", "{3AB2D594-3264-4AED-A9B0-232504582808}"
EndProject
Global
	GlobalSection(SolutionConfigurationPlatforms) = preSolution
		Debug|Any CPU = Debug|Any CPU
		Release|Any CPU = Release|Any CPU
	EndGlobalSection
	GlobalSection(ProjectConfigurationPlatforms) = postSolution
		{3AB2D594-3264-4AED-A9B0-232504582808}.Debug|Any CPU.ActiveCfg = Debug|Any CPU
		{3AB2D594-3264-4AED-A9B0-232504582808}.Debug|Any CPU.Build.0 = Debug|Any CPU
		{3AB2D594-3264-4AED-A9B0-232504582808}.Release|Any CPU.ActiveCfg = Release|Any CPU
		{3AB2D594-3264-4AED-A9B0-232504582808}.Release|Any CPU.Build.0 = Release|Any CPU
	EndGlobalSection
	GlobalSection(SolutionProperties) = preSolution
		HideSolutionNode = FALSE
	EndGlobalSection
	GlobalSection(ExtensibilityGlobals) = postSolution
		SolutionGuid = {AA971C6B-77B2-4EA7-8BB2-748318D95D35}
	EndGlobalSection
EndGlobal
